
Microsoft Visual Studio Solution File, Format Version 12.00
# Visual Studio Version 16
VisualStudioVersion = 16.0.31424.327
MinimumVisualStudioVersion = 10.0.40219.1
Project("{FAE04EC0-301F-11D3-BF4B-00C04F79EFBC}") = "TcpServer", "TcpListener\TcpServer.csproj", "{2563F3BB-1EBF-4338-8BBF-8DBBE6C3BF9E}"
EndProject
Project("{FAE04EC0-301F-11D3-BF4B-00C04F79EFBC}") = "MyTcpClient", "TcpClient\MyTcpClient.csproj", "{79E7BC5A-1398-4A55-A84B-71F694593BA4}"
EndProject
Global
	GlobalSection(SolutionConfigurationPlatforms) = preSolution
		Debug|Any CPU = Debug|Any CPU
		Release|Any CPU = Release|Any CPU
	EndGlobalSection
	GlobalSection(ProjectConfigurationPlatforms) = postSolution
		{2563F3BB-1EBF-4338-8BBF-8DBBE6C3BF9E}.Debug|Any CPU.ActiveCfg = Debug|Any CPU
		{2563F3BB-1EBF-4338-8BBF-8DBBE6C3BF9E}.Debug|Any CPU.Build.0 = Debug|Any CPU
		{2563F3BB-1EBF-4338-8BBF-8DBBE6C3BF9E}.Release|Any CPU.ActiveCfg = Release|Any CPU
		{2563F3BB-1EBF-4338-8BBF-8DBBE6C3BF9E}.Release|Any CPU.Build.0 = Release|Any CPU
		{79E7BC5A-1398-4A55-A84B-71F694593BA4}.Debug|Any CPU.ActiveCfg = Debug|Any CPU
		{79E7BC5A-1398-4A55-A84B-71F694593BA4}.Debug|Any CPU.Build.0 = Debug|Any CPU
		{79E7BC5A-1398-4A55-A84B-71F694593BA4}.Release|Any CPU.ActiveCfg = Release|Any CPU
		{79E7BC5A-1398-4A55-A84B-71F694593BA4}.Release|Any CPU.Build.0 = Release|Any CPU
	EndGlobalSection
	GlobalSection(SolutionProperties) = preSolution
		HideSolutionNode = FALSE
	EndGlobalSection
	GlobalSection(ExtensibilityGlobals) = postSolution
		SolutionGuid = {DE215202-5482-4CC4-A6F7-92EDF13ED8FF}
	EndGlobalSection
EndGlobal
